
Microsoft Visual Studio Solution File, Format Version 12.00
# Visual Studio Version 17
VisualStudioVersion = 17.10.35013.160
MinimumVisualStudioVersion = 10.0.40219.1
Project("{FAE04EC0-301F-11D3-BF4B-00C04F79EFBC}") = "Tag&GoAPI", "Tag&GoAPI\Tag&GoAPI.csproj", "{E2BD030E-EE83-4FCC-96A4-44250964EEA1}"
EndProject
Project("{00D1A9C2-B5F0-4AF3-8072-F6C62B433612}") = "Tag&GoDataBase", "Tag&GoDataBase\Tag&GoDataBase.sqlproj", "{190B9FDB-0E59-40AF-AE7C-1D5B2BD198D4}"
EndProject
Project("{FAE04EC0-301F-11D3-BF4B-00C04F79EFBC}") = "Tag&Go.BLL", "Tag&Go.BLL\Tag&Go.BLL.csproj", "{2D20B829-E87B-4C2C-8A48-7983D2D8918C}"
EndProject
Project("{FAE04EC0-301F-11D3-BF4B-00C04F79EFBC}") = "Tag&Go.DAL", "Tag&Go.DAL\Tag&Go.DAL.csproj", "{FC51791C-610A-43D6-8C07-A8896A8DA54D}"
EndProject
Global
	GlobalSection(SolutionConfigurationPlatforms) = preSolution
		Debug|Any CPU = Debug|Any CPU
		Release|Any CPU = Release|Any CPU
	EndGlobalSection
	GlobalSection(ProjectConfigurationPlatforms) = postSolution
		{E2BD030E-EE83-4FCC-96A4-44250964EEA1}.Debug|Any CPU.ActiveCfg = Debug|Any CPU
		{E2BD030E-EE83-4FCC-96A4-44250964EEA1}.Debug|Any CPU.Build.0 = Debug|Any CPU
		{E2BD030E-EE83-4FCC-96A4-44250964EEA1}.Release|Any CPU.ActiveCfg = Release|Any CPU
		{E2BD030E-EE83-4FCC-96A4-44250964EEA1}.Release|Any CPU.Build.0 = Release|Any CPU
		{190B9FDB-0E59-40AF-AE7C-1D5B2BD198D4}.Debug|Any CPU.ActiveCfg = Debug|Any CPU
		{190B9FDB-0E59-40AF-AE7C-1D5B2BD198D4}.Debug|Any CPU.Build.0 = Debug|Any CPU
		{190B9FDB-0E59-40AF-AE7C-1D5B2BD198D4}.Debug|Any CPU.Deploy.0 = Debug|Any CPU
		{190B9FDB-0E59-40AF-AE7C-1D5B2BD198D4}.Release|Any CPU.ActiveCfg = Release|Any CPU
		{190B9FDB-0E59-40AF-AE7C-1D5B2BD198D4}.Release|Any CPU.Build.0 = Release|Any CPU
		{190B9FDB-0E59-40AF-AE7C-1D5B2BD198D4}.Release|Any CPU.Deploy.0 = Release|Any CPU
		{2D20B829-E87B-4C2C-8A48-7983D2D8918C}.Debug|Any CPU.ActiveCfg = Debug|Any CPU
		{2D20B829-E87B-4C2C-8A48-7983D2D8918C}.Debug|Any CPU.Build.0 = Debug|Any CPU
		{2D20B829-E87B-4C2C-8A48-7983D2D8918C}.Release|Any CPU.ActiveCfg = Release|Any CPU
		{2D20B829-E87B-4C2C-8A48-7983D2D8918C}.Release|Any CPU.Build.0 = Release|Any CPU
		{FC51791C-610A-43D6-8C07-A8896A8DA54D}.Debug|Any CPU.ActiveCfg = Debug|Any CPU
		{FC51791C-610A-43D6-8C07-A8896A8DA54D}.Debug|Any CPU.Build.0 = Debug|Any CPU
		{FC51791C-610A-43D6-8C07-A8896A8DA54D}.Release|Any CPU.ActiveCfg = Release|Any CPU
		{FC51791C-610A-43D6-8C07-A8896A8DA54D}.Release|Any CPU.Build.0 = Release|Any CPU
	EndGlobalSection
	GlobalSection(SolutionProperties) = preSolution
		HideSolutionNode = FALSE
	EndGlobalSection
	GlobalSection(ExtensibilityGlobals) = postSolution
		SolutionGuid = {77994B4E-9443-4090-AB5B-F09DED0C8A9C}
	EndGlobalSection
EndGlobal
